
Microsoft Visual Studio Solution File, Format Version 12.00
# Visual Studio 15
VisualStudioVersion = 15.0.27428.2015
MinimumVisualStudioVersion = 10.0.40219.1
Project("{FAE04EC0-301F-11D3-BF4B-00C04F79EFBC}") = "Inventory", "Inventory\Inventory.csproj", "{954D78B6-CDD0-446C-AE57-44C3BBB09D17}"
EndProject
Project("{FAE04EC0-301F-11D3-BF4B-00C04F79EFBC}") = "Data", "Data\Data.csproj", "{A2A01946-456D-4D7D-A0C3-6CFFD3DEA4DF}"
EndProject
Project("{FAE04EC0-301F-11D3-BF4B-00C04F79EFBC}") = "Service", "Service\Service.csproj", "{FEACA4FC-1A6D-4EF0-B241-3602AC6123FB}"
EndProject
Project("{FAE04EC0-301F-11D3-BF4B-00C04F79EFBC}") = "Core", "Core\Core.csproj", "{47446C96-7C6B-40F8-9709-111F0D621F0B}"
EndProject
Global
	GlobalSection(SolutionConfigurationPlatforms) = preSolution
		Debug|Any CPU = Debug|Any CPU
		Release|Any CPU = Release|Any CPU
	EndGlobalSection
	GlobalSection(ProjectConfigurationPlatforms) = postSolution
		{954D78B6-CDD0-446C-AE57-44C3BBB09D17}.Debug|Any CPU.ActiveCfg = Debug|Any CPU
		{954D78B6-CDD0-446C-AE57-44C3BBB09D17}.Debug|Any CPU.Build.0 = Debug|Any CPU
		{954D78B6-CDD0-446C-AE57-44C3BBB09D17}.Release|Any CPU.ActiveCfg = Release|Any CPU
		{954D78B6-CDD0-446C-AE57-44C3BBB09D17}.Release|Any CPU.Build.0 = Release|Any CPU
		{A2A01946-456D-4D7D-A0C3-6CFFD3DEA4DF}.Debug|Any CPU.ActiveCfg = Debug|Any CPU
		{A2A01946-456D-4D7D-A0C3-6CFFD3DEA4DF}.Debug|Any CPU.Build.0 = Debug|Any CPU
		{A2A01946-456D-4D7D-A0C3-6CFFD3DEA4DF}.Release|Any CPU.ActiveCfg = Release|Any CPU
		{A2A01946-456D-4D7D-A0C3-6CFFD3DEA4DF}.Release|Any CPU.Build.0 = Release|Any CPU
		{FEACA4FC-1A6D-4EF0-B241-3602AC6123FB}.Debug|Any CPU.ActiveCfg = Debug|Any CPU
		{FEACA4FC-1A6D-4EF0-B241-3602AC6123FB}.Debug|Any CPU.Build.0 = Debug|Any CPU
		{FEACA4FC-1A6D-4EF0-B241-3602AC6123FB}.Release|Any CPU.ActiveCfg = Release|Any CPU
		{FEACA4FC-1A6D-4EF0-B241-3602AC6123FB}.Release|Any CPU.Build.0 = Release|Any CPU
		{47446C96-7C6B-40F8-9709-111F0D621F0B}.Debug|Any CPU.ActiveCfg = Debug|Any CPU
		{47446C96-7C6B-40F8-9709-111F0D621F0B}.Debug|Any CPU.Build.0 = Debug|Any CPU
		{47446C96-7C6B-40F8-9709-111F0D621F0B}.Release|Any CPU.ActiveCfg = Release|Any CPU
		{47446C96-7C6B-40F8-9709-111F0D621F0B}.Release|Any CPU.Build.0 = Release|Any CPU
	EndGlobalSection
	GlobalSection(SolutionProperties) = preSolution
		HideSolutionNode = FALSE
	EndGlobalSection
	GlobalSection(ExtensibilityGlobals) = postSolution
		SolutionGuid = {EBE0ED4B-1609-4E5C-9CF0-275523CBDB65}
	EndGlobalSection
EndGlobal
